
Microsoft Visual Studio Solution File, Format Version 12.00
# Visual Studio 15
VisualStudioVersion = 15.0.28307.168
MinimumVisualStudioVersion = 10.0.40219.1
Project("{FAE04EC0-301F-11D3-BF4B-00C04F79EFBC}") = "week5", "week5\week5.csproj", "{B3C7BBB3-778D-4FF7-B840-11972B4BD8C1}"
EndProject
Global
	GlobalSection(SolutionConfigurationPlatforms) = preSolution
		Debug|Any CPU = Debug|Any CPU
		Release|Any CPU = Release|Any CPU
	EndGlobalSection
	GlobalSection(ProjectConfigurationPlatforms) = postSolution
		{B3C7BBB3-778D-4FF7-B840-11972B4BD8C1}.Debug|Any CPU.ActiveCfg = Debug|Any CPU
		{B3C7BBB3-778D-4FF7-B840-11972B4BD8C1}.Debug|Any CPU.Build.0 = Debug|Any CPU
		{B3C7BBB3-778D-4FF7-B840-11972B4BD8C1}.Release|Any CPU.ActiveCfg = Release|Any CPU
		{B3C7BBB3-778D-4FF7-B840-11972B4BD8C1}.Release|Any CPU.Build.0 = Release|Any CPU
	EndGlobalSection
	GlobalSection(SolutionProperties) = preSolution
		HideSolutionNode = FALSE
	EndGlobalSection
	GlobalSection(ExtensibilityGlobals) = postSolution
		SolutionGuid = {3EA99B17-9394-4FB2-B332-5EFC68F1D236}
	EndGlobalSection
EndGlobal
